{
  "version": 4,
  "terraform_version": "1.12.2",
  "serial": 3,
  "lineage": "802f679f-5845-eab6-63ff-16d2ad62a8d7",
  "outputs": {},
  "resources": [
    {
      "mode": "managed",
      "type": "aws_secretsmanager_secret",
      "name": "slack_webhook",
      "provider": "provider[\"registry.terraform.io/hashicorp/aws\"]",
      "instances": [
        {
          "schema_version": 0,
          "attributes": {
            "arn": "arn:aws:secretsmanager:eu-west-1:509399616592:secret:argocd/slack/webhook-YuBNuA",
            "description": "Slack Webhook URL for ArgoCD Notifications",
            "force_overwrite_replica_secret": false,
            "id": "arn:aws:secretsmanager:eu-west-1:509399616592:secret:argocd/slack/webhook-YuBNuA",
            "kms_key_id": "",
            "name": "argocd/slack/webhook",
            "name_prefix": "",
            "policy": "",
            "recovery_window_in_days": 30,
            "region": "eu-west-1",
            "replica": [],
            "tags": null,
            "tags_all": {}
          },
          "sensitive_attributes": [],
          "identity_schema_version": 0,
          "private": "bnVsbA=="
        }
      ]
    },
    {
      "mode": "managed",
      "type": "aws_secretsmanager_secret_version",
      "name": "slack_webhook_value",
      "provider": "provider[\"registry.terraform.io/hashicorp/aws\"]",
      "instances": [
        {
          "schema_version": 0,
          "attributes": {
            "arn": "arn:aws:secretsmanager:eu-west-1:509399616592:secret:argocd/slack/webhook-YuBNuA",
            "has_secret_string_wo": null,
            "id": "arn:aws:secretsmanager:eu-west-1:509399616592:secret:argocd/slack/webhook-YuBNuA|terraform-20250723120229387000000002",
            "region": "eu-west-1",
            "secret_binary": "",
            "secret_id": "arn:aws:secretsmanager:eu-west-1:509399616592:secret:argocd/slack/webhook-YuBNuA",
            "secret_string": "https://hooks.slack.com/services/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",
            "secret_string_wo": null,
            "secret_string_wo_version": null,
            "version_id": "terraform-20250723120229387000000002",
            "version_stages": [
              "AWSCURRENT"
            ]
          },
          "sensitive_attributes": [
            [
              {
                "type": "get_attr",
                "value": "secret_binary"
              }
            ],
            [
              {
                "type": "get_attr",
                "value": "secret_string"
              }
            ],
            [
              {
                "type": "get_attr",
                "value": "secret_string_wo"
              }
            ]
          ],
          "identity_schema_version": 0,
          "private": "bnVsbA==",
          "dependencies": [
            "aws_secretsmanager_secret.slack_webhook"
          ]
        }
      ]
    }
  ],
  "check_results": null
}
